{
  "name": "exaggerator-host",
  "version": "1.1.0",
  "lockfileVersion": 1,
  "requires": true,
  "dependencies": {
    "exaggerator-v1": {
      "version": "git+https://github.com/Ehawk82/exaggerator-v1.git#230b73c20917ae404d4befaa356694df6c3d219c",
      "from": "git+https://github.com/Ehawk82/exaggerator-v1.git",
      "dev": true
    }
  }
}
